# @generated by Move, please check-in and do not edit manually.

[move]
version = 3
manifest_digest = "203CC3590912425C00D1D41C97B0B83DF2C7A5B262A4CA1C9FA29FCEB8D2F9A1"
deps_digest = "F8BBB0CCB2491CA29A3DF03D6F92277A4F3574266507ACD77214D37ECA3F3082"
dependencies = [
  { id = "Iota", name = "Iota" },
]

[[move.package]]
id = "Iota"
source = { git = "https://github.com/iotaledger/iota.git", rev = "framework/testnet", subdir = "crates/iota-framework/packages/iota-framework" }

dependencies = [
  { id = "MoveStdlib", name = "MoveStdlib" },
]

[[move.package]]
id = "MoveStdlib"
source = { git = "https://github.com/iotaledger/iota.git", rev = "framework/testnet", subdir = "crates/iota-framework/packages/move-stdlib" }

[move.toolchain-version]
compiler-version = "1.19.0-alpha"
edition = "2024.beta"
flavor = "iota"

[env]

[env.localnet]
chain-id = "7ec04093"
original-published-id = "0x3a6a6350690698d5f6e1e1ba199a2dc6206c2d53a21fb0bbbd887838fc859043"
latest-published-id = "0x3a6a6350690698d5f6e1e1ba199a2dc6206c2d53a21fb0bbbd887838fc859043"
published-version = "1"

[env.testnet]
chain-id = "2304aa97"
original-published-id = "0x7a482e65a8d9286ee099e1944b138707c27418ca42aba6b3f9aba88359dc46cf"
latest-published-id = "0x7a482e65a8d9286ee099e1944b138707c27418ca42aba6b3f9aba88359dc46cf"
published-version = "1"
